
Microsoft Visual Studio Solution File, Format Version 12.00
# Visual Studio Version 17
VisualStudioVersion = 17.11.35303.130
MinimumVisualStudioVersion = 10.0.40219.1
Project("{FAE04EC0-301F-11D3-BF4B-00C04F79EFBC}") = "Cinema", "Cinema\Cinema.csproj", "{9872105F-4DAA-4496-B92D-20639DF48985}"
EndProject
Global
	GlobalSection(SolutionConfigurationPlatforms) = preSolution
		Debug|Any CPU = Debug|Any CPU
		Release|Any CPU = Release|Any CPU
	EndGlobalSection
	GlobalSection(ProjectConfigurationPlatforms) = postSolution
		{9872105F-4DAA-4496-B92D-20639DF48985}.Debug|Any CPU.ActiveCfg = Debug|Any CPU
		{9872105F-4DAA-4496-B92D-20639DF48985}.Debug|Any CPU.Build.0 = Debug|Any CPU
		{9872105F-4DAA-4496-B92D-20639DF48985}.Release|Any CPU.ActiveCfg = Release|Any CPU
		{9872105F-4DAA-4496-B92D-20639DF48985}.Release|Any CPU.Build.0 = Release|Any CPU
	EndGlobalSection
	GlobalSection(SolutionProperties) = preSolution
		HideSolutionNode = FALSE
	EndGlobalSection
	GlobalSection(ExtensibilityGlobals) = postSolution
		SolutionGuid = {C0638C86-62D6-4467-AEBD-0654D09FFBA9}
	EndGlobalSection
EndGlobal
